// !$*UTF8*$!
{
	archiveVersion = 1;
	classes = {
	};
	objectVersion = 46;
	objects = {

/* Begin PBXBuildFile section */
		26E3BCD7FD7C7D5039C65723 /* Pods_SQLite.framework in Frameworks */ = {isa = PBXBuildFile; fileRef = FCEEA693C14C631DC3E1391A /* Pods_SQLite.framework */; };
		E888C59A1E8D2C2700277A3C /* AppDelegate.swift in Sources */ = {isa = PBXBuildFile; fileRef = E888C5991E8D2C2700277A3C /* AppDelegate.swift */; };
		E888C59C1E8D2C2700277A3C /* ViewController.swift in Sources */ = {isa = PBXBuildFile; fileRef = E888C59B1E8D2C2700277A3C /* ViewController.swift */; };
		E888C5A11E8D2C2700277A3C /* Assets.xcassets in Resources */ = {isa = PBXBuildFile; fileRef = E888C5A01E8D2C2700277A3C /* Assets.xcassets */; };
		E888C5A41E8D2C2700277A3C /* LaunchScreen.storyboard in Resources */ = {isa = PBXBuildFile; fileRef = E888C5A21E8D2C2700277A3C /* LaunchScreen.storyboard */; };
		E888C5AC1E8D2D0E00277A3C /* SDBManager.swift in Sources */ = {isa = PBXBuildFile; fileRef = E888C5AB1E8D2D0E00277A3C /* SDBManager.swift */; };
/* End PBXBuildFile section */

/* Begin PBXFileReference section */
		5ED1FA3E57B47368304526FD /* Pods-SQLite.debug.xcconfig */ = {isa = PBXFileReference; includeInIndex = 1; lastKnownFileType = text.xcconfig; name = "Pods-SQLite.debug.xcconfig"; path = "Pods/Target Support Files/Pods-SQLite/Pods-SQLite.debug.xcconfig"; sourceTree = "<group>"; };
		9F5721F552056A37C386F2C0 /* Pods-SQLite.release.xcconfig */ = {isa = PBXFileReference; includeInIndex = 1; lastKnownFileType = text.xcconfig; name = "Pods-SQLite.release.xcconfig"; path = "Pods/Target Support Files/Pods-SQLite/Pods-SQLite.release.xcconfig"; sourceTree = "<group>"; };
		E888C5961E8D2C2700277A3C /* SQLite.app */ = {isa = PBXFileReference; explicitFileType = wrapper.application; includeInIndex = 0; path = SQLite.app; sourceTree = BUILT_PRODUCTS_DIR; };
		E888C5991E8D2C2700277A3C /* AppDelegate.swift */ = {isa = PBXFileReference; lastKnownFileType = sourcecode.swift; path = AppDelegate.swift; sourceTree = "<group>"; };
		E888C59B1E8D2C2700277A3C /* ViewController.swift */ = {isa = PBXFileReference; lastKnownFileType = sourcecode.swift; path = ViewController.swift; sourceTree = "<group>"; };
		E888C5A01E8D2C2700277A3C /* Assets.xcassets */ = {isa = PBXFileReference; lastKnownFileType = folder.assetcatalog; path = Assets.xcassets; sourceTree = "<group>"; };
		E888C5A31E8D2C2700277A3C /* Base */ = {isa = PBXFileReference; lastKnownFileType = file.storyboard; name = Base; path = Base.lproj/LaunchScreen.storyboard; sourceTree = "<group>"; };
		E888C5A51E8D2C2700277A3C /* Info.plist */ = {isa = PBXFileReference; lastKnownFileType = text.plist.xml; path = Info.plist; sourceTree = "<group>"; };
		E888C5AB1E8D2D0E00277A3C /* SDBManager.swift */ = {isa = PBXFileReference; fileEncoding = 4; lastKnownFileType = sourcecode.swift; path = SDBManager.swift; sourceTree = "<group>"; };
		FCEEA693C14C631DC3E1391A /* Pods_SQLite.framework */ = {isa = PBXFileReference; explicitFileType = wrapper.framework; includeInIndex = 0; path = Pods_SQLite.framework; sourceTree = BUILT_PRODUCTS_DIR; };
/* End PBXFileReference section */

/* Begin PBXFrameworksBuildPhase section */
		E888C5931E8D2C2700277A3C /* Frameworks */ = {
			isa = PBXFrameworksBuildPhase;
			buildActionMask = 2147483647;
			files = (
				26E3BCD7FD7C7D5039C65723 /* Pods_SQLite.framework in Frameworks */,
			);
			runOnlyForDeploymentPostprocessing = 0;
		};
/* End PBXFrameworksBuildPhase section */

/* Begin PBXGroup section */
		51242B562263C2E071B96B5D /* Pods */ = {
			isa = PBXGroup;
			children = (
				5ED1FA3E57B47368304526FD /* Pods-SQLite.debug.xcconfig */,
				9F5721F552056A37C386F2C0 /* Pods-SQLite.release.xcconfig */,
			);
			name = Pods;
			sourceTree = "<group>";
		};
		6622184353B289A551A4D5B9 /* Frameworks */ = {
			isa = PBXGroup;
			children = (
				FCEEA693C14C631DC3E1391A /* Pods_SQLite.framework */,
			);
			name = Frameworks;
			sourceTree = "<group>";
		};
		E888C58D1E8D2C2700277A3C = {
			isa = PBXGroup;
			children = (
				E888C5981E8D2C2700277A3C /* SQLite */,
				E888C5971E8D2C2700277A3C /* Products */,
				51242B562263C2E071B96B5D /* Pods */,
				6622184353B289A551A4D5B9 /* Frameworks */,
			);
			sourceTree = "<group>";
		};
		E888C5971E8D2C2700277A3C /* Products */ = {
			isa = PBXGroup;
			children = (
				E888C5961E8D2C2700277A3C /* SQLite.app */,
			);
			name = Products;
			sourceTree = "<group>";
		};
		E888C5981E8D2C2700277A3C /* SQLite */ = {
			isa = PBXGroup;
			children = (
				E888C5991E8D2C2700277A3C /* AppDelegate.swift */,
				E888C59B1E8D2C2700277A3C /* ViewController.swift */,
				E888C5A01E8D2C2700277A3C /* Assets.xcassets */,
				E888C5A21E8D2C2700277A3C /* LaunchScreen.storyboard */,
				E888C5A51E8D2C2700277A3C /* Info.plist */,
				E888C5AB1E8D2D0E00277A3C /* SDBManager.swift */,
			);
			path = SQLite;
			sourceTree = "<group>";
		};
/* End PBXGroup section */

/* Begin PBXNativeTarget section */
		E888C5951E8D2C2700277A3C /* SQLite */ = {
			isa = PBXNativeTarget;
			buildConfigurationList = E888C5A81E8D2C2700277A3C /* Build configuration list for PBXNativeTarget "SQLite" */;
			buildPhases = (
				21975C9EF9FBFF1B7A5A6926 /* [CP] Check Pods Manifest.lock */,
				E888C5921E8D2C2700277A3C /* Sources */,
				E888C5931E8D2C2700277A3C /* Frameworks */,
				E888C5941E8D2C2700277A3C /* Resources */,
				2009D64459BC54F76E0FF1D9 /* [CP] Embed Pods Frameworks */,
				B9BE6C8024D8DDA23D7694CD /* [CP] Copy Pods Resources */,
			);
			buildRules = (
			);
			dependencies = (
			);
			name = SQLite;
			productName = SQLite;
			productReference = E888C5961E8D2C2700277A3C /* SQLite.app */;
			productType = "com.apple.product-type.application";
		};
/* End PBXNativeTarget section */

/* Begin PBXProject section */
		E888C58E1E8D2C2700277A3C /* Project object */ = {
			isa = PBXProject;
			attributes = {
				LastSwiftUpdateCheck = 0830;
				LastUpgradeCheck = 0830;
				ORGANIZATIONNAME = Silence;
				TargetAttributes = {
					E888C5951E8D2C2700277A3C = {
						CreatedOnToolsVersion = 8.3;
						ProvisioningStyle = Automatic;
					};
				};
			};
			buildConfigurationList = E888C5911E8D2C2700277A3C /* Build configuration list for PBXProject "SQLite" */;
			compatibilityVersion = "Xcode 3.2";
			developmentRegion = English;
			hasScannedForEncodings = 0;
			knownRegions = (
				en,
				Base,
			);
			mainGroup = E888C58D1E8D2C2700277A3C;
			productRefGroup = E888C5971E8D2C2700277A3C /* Products */;
			projectDirPath = "";
			projectRoot = "";
			targets = (
				E888C5951E8D2C2700277A3C /* SQLite */,
			);
		};
/* End PBXProject section */

/* Begin PBXResourcesBuildPhase section */
		E888C5941E8D2C2700277A3C /* Resources */ = {
			isa = PBXResourcesBuildPhase;
			buildActionMask = 2147483647;
			files = (
				E888C5A41E8D2C2700277A3C /* LaunchScreen.storyboard in Resources */,
				E888C5A11E8D2C2700277A3C /* Assets.xcassets in Resources */,
			);
			runOnlyForDeploymentPostprocessing = 0;
		};
/* End PBXResourcesBuildPhase section */

/* Begin PBXShellScriptBuildPhase section */
		2009D64459BC54F76E0FF1D9 /* [CP] Embed Pods Frameworks */ = {
			isa = PBXShellScriptBuildPhase;
			buildActionMask = 2147483647;
			files = (
			);
			inputPaths = (
			);
			name = "[CP] Embed Pods Frameworks";
			outputPaths = (
			);
			runOnlyForDeploymentPostprocessing = 0;
			shellPath = /bin/sh;
			shellScript = "\"${SRCROOT}/Pods/Target Support Files/Pods-SQLite/Pods-SQLite-frameworks.sh\"\n";
			showEnvVarsInLog = 0;
		};
		21975C9EF9FBFF1B7A5A6926 /* [CP] Check Pods Manifest.lock */ = {
			isa = PBXShellScriptBuildPhase;
			buildActionMask = 2147483647;
			files = (
			);
			inputPaths = (
			);
			name = "[CP] Check Pods Manifest.lock";
			outputPaths = (
			);
			runOnlyForDeploymentPostprocessing = 0;
			shellPath = /bin/sh;
			shellScript = "diff \"${PODS_ROOT}/../Podfile.lock\" \"${PODS_ROOT}/Manifest.lock\" > /dev/null\nif [ $? != 0 ] ; then\n    # print error to STDERR\n    echo \"error: The sandbox is not in sync with the Podfile.lock. Run 'pod install' or update your CocoaPods installation.\" >&2\n    exit 1\nfi\n";
			showEnvVarsInLog = 0;
		};
		B9BE6C8024D8DDA23D7694CD /* [CP] Copy Pods Resources */ = {
			isa = PBXShellScriptBuildPhase;
			buildActionMask = 2147483647;
			files = (
			);
			inputPaths = (
			);
			name = "[CP] Copy Pods Resources";
			outputPaths = (
			);
			runOnlyForDeploymentPostprocessing = 0;
			shellPath = /bin/sh;
			shellScript = "\"${SRCROOT}/Pods/Target Support Files/Pods-SQLite/Pods-SQLite-resources.sh\"\n";
			showEnvVarsInLog = 0;
		};
/* End PBXShellScriptBuildPhase section */

/* Begin PBXSourcesBuildPhase section */
		E888C5921E8D2C2700277A3C /* Sources */ = {
			isa = PBXSourcesBuildPhase;
			buildActionMask = 2147483647;
			files = (
				E888C5AC1E8D2D0E00277A3C /* SDBManager.swift in Sources */,
				E888C59C1E8D2C2700277A3C /* ViewController.swift in Sources */,
				E888C59A1E8D2C2700277A3C /* AppDelegate.swift in Sources */,
			);
			runOnlyForDeploymentPostprocessing = 0;
		};
/* End PBXSourcesBuildPhase section */

/* Begin PBXVariantGroup section */
		E888C5A21E8D2C2700277A3C /* LaunchScreen.storyboard */ = {
			isa = PBXVariantGroup;
			children = (
				E888C5A31E8D2C2700277A3C /* Base */,
			);
			name = LaunchScreen.storyboard;
			sourceTree = "<group>";
		};
/* End PBXVariantGroup section */

/* Begin XCBuildConfiguration section */
		E888C5A61E8D2C2700277A3C /* Debug */ = {
			isa = XCBuildConfiguration;
			buildSettings = {
				ALWAYS_SEARCH_USER_PATHS = NO;
				CLANG_ANALYZER_NONNULL = YES;
				CLANG_ANALYZER_NUMBER_OBJECT_CONVERSION = YES_AGGRESSIVE;
				CLANG_CXX_LANGUAGE_STANDARD = "gnu++0x";
				CLANG_CXX_LIBRARY = "libc++";
				CLANG_ENABLE_MODULES = YES;
				CLANG_ENABLE_OBJC_ARC = YES;
				CLANG_WARN_BOOL_CONVERSION = YES;
				CLANG_WARN_CONSTANT_CONVERSION = YES;
				CLANG_WARN_DIRECT_OBJC_ISA_USAGE = YES_ERROR;
				CLANG_WARN_DOCUMENTATION_COMMENTS = YES;
				CLANG_WARN_EMPTY_BODY = YES;
				CLANG_WARN_ENUM_CONVERSION = YES;
				CLANG_WARN_INFINITE_RECURSION = YES;
				CLANG_WARN_INT_CONVERSION = YES;
				CLANG_WARN_OBJC_ROOT_CLASS = YES_ERROR;
				CLANG_WARN_SUSPICIOUS_MOVE = YES;
				CLANG_WARN_UNREACHABLE_CODE = YES;
				CLANG_WARN__DUPLICATE_METHOD_MATCH = YES;
				"CODE_SIGN_IDENTITY[sdk=iphoneos*]" = "iPhone Developer";
				COPY_PHASE_STRIP = NO;
				DEBUG_INFORMATION_FORMAT = dwarf;
				ENABLE_STRICT_OBJC_MSGSEND = YES;
				ENABLE_TESTABILITY = YES;
				GCC_C_LANGUAGE_STANDARD = gnu99;
				GCC_DYNAMIC_NO_PIC = NO;
				GCC_NO_COMMON_BLOCKS = YES;
				GCC_OPTIMIZATION_LEVEL = 0;
				GCC_PREPROCESSOR_DEFINITIONS = (
					"DEBUG=1",
					"$(inherited)",
				);
				GCC_WARN_64_TO_32_BIT_CONVERSION = YES;
				GCC_WARN_ABOUT_RETURN_TYPE = YES_ERROR;
				GCC_WARN_UNDECLARED_SELECTOR = YES;
				GCC_WARN_UNINITIALIZED_AUTOS = YES_AGGRESSIVE;
				GCC_WARN_UNUSED_FUNCTION = YES;
				GCC_WARN_UNUSED_VARIABLE = YES;
				IPHONEOS_DEPLOYMENT_TARGET = 10.3;
				MTL_ENABLE_DEBUG_INFO = YES;
				ONLY_ACTIVE_ARCH = YES;
				SDKROOT = iphoneos;
				SWIFT_ACTIVE_COMPILATION_CONDITIONS = DEBUG;
				SWIFT_OPTIMIZATION_LEVEL = "-Onone";
				TARGETED_DEVICE_FAMILY = "1,2";
			};
			name = Debug;
		};
		E888C5A71E8D2C2700277A3C /* Release */ = {
			isa = XCBuildConfiguration;
			buildSettings = {
				ALWAYS_SEARCH_USER_PATHS = NO;
				CLANG_ANALYZER_NONNULL = YES;
				CLANG_ANALYZER_NUMBER_OBJECT_CONVERSION = YES_AGGRESSIVE;
				CLANG_CXX_LANGUAGE_STANDARD = "gnu++0x";
				CLANG_CXX_LIBRARY = "libc++";
				CLANG_ENABLE_MODULES = YES;
				CLANG_ENABLE_OBJC_ARC = YES;
				CLANG_WARN_BOOL_CONVERSION = YES;
				CLANG_WARN_CONSTANT_CONVERSION = YES;
				CLANG_WARN_DIRECT_OBJC_ISA_USAGE = YES_ERROR;
				CLANG_WARN_DOCUMENTATION_COMMENTS = YES;
				CLANG_WARN_EMPTY_BODY = YES;
				CLANG_WARN_ENUM_CONVERSION = YES;
				CLANG_WARN_INFINITE_RECURSION = YES;
				CLANG_WARN_INT_CONVERSION = YES;
				CLANG_WARN_OBJC_ROOT_CLASS = YES_ERROR;
				CLANG_WARN_SUSPICIOUS_MOVE = YES;
				CLANG_WARN_UNREACHABLE_CODE = YES;
				CLANG_WARN__DUPLICATE_METHOD_MATCH = YES;
				"CODE_SIGN_IDENTITY[sdk=iphoneos*]" = "iPhone Developer";
				COPY_PHASE_STRIP = NO;
				DEBUG_INFORMATION_FORMAT = "dwarf-with-dsym";
				ENABLE_NS_ASSERTIONS = NO;
				ENABLE_STRICT_OBJC_MSGSEND = YES;
				GCC_C_LANGUAGE_STANDARD = gnu99;
				GCC_NO_COMMON_BLOCKS = YES;
				GCC_WARN_64_TO_32_BIT_CONVERSION = YES;
				GCC_WARN_ABOUT_RETURN_TYPE = YES_ERROR;
				GCC_WARN_UNDECLARED_SELECTOR = YES;
				GCC_WARN_UNINITIALIZED_AUTOS = YES_AGGRESSIVE;
				GCC_WARN_UNUSED_FUNCTION = YES;
				GCC_WARN_UNUSED_VARIABLE = YES;
				IPHONEOS_DEPLOYMENT_TARGET = 10.3;
				MTL_ENABLE_DEBUG_INFO = NO;
				SDKROOT = iphoneos;
				SWIFT_OPTIMIZATION_LEVEL = "-Owholemodule";
				TARGETED_DEVICE_FAMILY = "1,2";
				VALIDATE_PRODUCT = YES;
			};
			name = Release;
		};
		E888C5A91E8D2C2700277A3C /* Debug */ = {
			isa = XCBuildConfiguration;
			baseConfigurationReference = 5ED1FA3E57B47368304526FD /* Pods-SQLite.debug.xcconfig */;
			buildSettings = {
				ASSETCATALOG_COMPILER_APPICON_NAME = AppIcon;
				INFOPLIST_FILE = SQLite/Info.plist;
				LD_RUNPATH_SEARCH_PATHS = "$(inherited) @executable_path/Frameworks";
				PRODUCT_BUNDLE_IDENTIFIER = com.silence.SQLite;
				PRODUCT_NAME = "$(TARGET_NAME)";
				SWIFT_VERSION = 3.0;
			};
			name = Debug;
		};
		E888C5AA1E8D2C2700277A3C /* Release */ = {
			isa = XCBuildConfiguration;
			baseConfigurationReference = 9F5721F552056A37C386F2C0 /* Pods-SQLite.release.xcconfig */;
			buildSettings = {
				ASSETCATALOG_COMPILER_APPICON_NAME = AppIcon;
				INFOPLIST_FILE = SQLite/Info.plist;
				LD_RUNPATH_SEARCH_PATHS = "$(inherited) @executable_path/Frameworks";
				PRODUCT_BUNDLE_IDENTIFIER = com.silence.SQLite;
				PRODUCT_NAME = "$(TARGET_NAME)";
				SWIFT_VERSION = 3.0;
			};
			name = Release;
		};
/* End XCBuildConfiguration section */

/* Begin XCConfigurationList section */
		E888C5911E8D2C2700277A3C /* Build configuration list for PBXProject "SQLite" */ = {
			isa = XCConfigurationList;
			buildConfigurations = (
				E888C5A61E8D2C2700277A3C /* Debug */,
				E888C5A71E8D2C2700277A3C /* Release */,
			);
			defaultConfigurationIsVisible = 0;
			defaultConfigurationName = Release;
		};
		E888C5A81E8D2C2700277A3C /* Build configuration list for PBXNativeTarget "SQLite" */ = {
			isa = XCConfigurationList;
			buildConfigurations = (
				E888C5A91E8D2C2700277A3C /* Debug */,
				E888C5AA1E8D2C2700277A3C /* Release */,
			);
			defaultConfigurationIsVisible = 0;
			defaultConfigurationName = Release;
		};
/* End XCConfigurationList section */
	};
	rootObject = E888C58E1E8D2C2700277A3C /* Project object */;
}
