// !$*UTF8*$!
{
	archiveVersion = 1;
	classes = {
	};
	objectVersion = 46;
	objects = {

/* Begin PBXBuildFile section */
		E8DAADB51E8B5DC7009ABE46 /* AppDelegate.swift in Sources */ = {isa = PBXBuildFile; fileRef = E8DAADB41E8B5DC7009ABE46 /* AppDelegate.swift */; };
		E8DAADB71E8B5DC7009ABE46 /* ViewController.swift in Sources */ = {isa = PBXBuildFile; fileRef = E8DAADB61E8B5DC7009ABE46 /* ViewController.swift */; };
		E8DAADBC1E8B5DC7009ABE46 /* Assets.xcassets in Resources */ = {isa = PBXBuildFile; fileRef = E8DAADBB1E8B5DC7009ABE46 /* Assets.xcassets */; };
		E8DAADBF1E8B5DC7009ABE46 /* LaunchScreen.storyboard in Resources */ = {isa = PBXBuildFile; fileRef = E8DAADBD1E8B5DC7009ABE46 /* LaunchScreen.storyboard */; };
		E8DAADCA1E8B63D5009ABE46 /* MFTongXin_Noncommercial-Regular.ttf in Resources */ = {isa = PBXBuildFile; fileRef = E8DAADC81E8B5E07009ABE46 /* MFTongXin_Noncommercial-Regular.ttf */; };
		E8DAADCB1E8B63D5009ABE46 /* MFZhiHei_Noncommercial-Regular.ttf in Resources */ = {isa = PBXBuildFile; fileRef = E8DAADC71E8B5E03009ABE46 /* MFZhiHei_Noncommercial-Regular.ttf */; };
		E8DAADCC1E8B63D5009ABE46 /* MFJinHei_Noncommercial-Regular.ttf in Resources */ = {isa = PBXBuildFile; fileRef = E8DAADC61E8B5DFE009ABE46 /* MFJinHei_Noncommercial-Regular.ttf */; };
/* End PBXBuildFile section */

/* Begin PBXFileReference section */
		E8DAADB11E8B5DC7009ABE46 /* CustomFont.app */ = {isa = PBXFileReference; explicitFileType = wrapper.application; includeInIndex = 0; path = CustomFont.app; sourceTree = BUILT_PRODUCTS_DIR; };
		E8DAADB41E8B5DC7009ABE46 /* AppDelegate.swift */ = {isa = PBXFileReference; lastKnownFileType = sourcecode.swift; path = AppDelegate.swift; sourceTree = "<group>"; };
		E8DAADB61E8B5DC7009ABE46 /* ViewController.swift */ = {isa = PBXFileReference; lastKnownFileType = sourcecode.swift; path = ViewController.swift; sourceTree = "<group>"; };
		E8DAADBB1E8B5DC7009ABE46 /* Assets.xcassets */ = {isa = PBXFileReference; lastKnownFileType = folder.assetcatalog; path = Assets.xcassets; sourceTree = "<group>"; };
		E8DAADBE1E8B5DC7009ABE46 /* Base */ = {isa = PBXFileReference; lastKnownFileType = file.storyboard; name = Base; path = Base.lproj/LaunchScreen.storyboard; sourceTree = "<group>"; };
		E8DAADC01E8B5DC7009ABE46 /* Info.plist */ = {isa = PBXFileReference; lastKnownFileType = text.plist.xml; path = Info.plist; sourceTree = "<group>"; };
		E8DAADC61E8B5DFE009ABE46 /* MFJinHei_Noncommercial-Regular.ttf */ = {isa = PBXFileReference; lastKnownFileType = file; path = "MFJinHei_Noncommercial-Regular.ttf"; sourceTree = "<group>"; };
		E8DAADC71E8B5E03009ABE46 /* MFZhiHei_Noncommercial-Regular.ttf */ = {isa = PBXFileReference; lastKnownFileType = file; path = "MFZhiHei_Noncommercial-Regular.ttf"; sourceTree = "<group>"; };
		E8DAADC81E8B5E07009ABE46 /* MFTongXin_Noncommercial-Regular.ttf */ = {isa = PBXFileReference; lastKnownFileType = file; path = "MFTongXin_Noncommercial-Regular.ttf"; sourceTree = "<group>"; };
/* End PBXFileReference section */

/* Begin PBXFrameworksBuildPhase section */
		E8DAADAE1E8B5DC7009ABE46 /* Frameworks */ = {
			isa = PBXFrameworksBuildPhase;
			buildActionMask = 2147483647;
			files = (
			);
			runOnlyForDeploymentPostprocessing = 0;
		};
/* End PBXFrameworksBuildPhase section */

/* Begin PBXGroup section */
		E8DAADA81E8B5DC7009ABE46 = {
			isa = PBXGroup;
			children = (
				E8DAADB31E8B5DC7009ABE46 /* CustomFont */,
				E8DAADB21E8B5DC7009ABE46 /* Products */,
			);
			sourceTree = "<group>";
		};
		E8DAADB21E8B5DC7009ABE46 /* Products */ = {
			isa = PBXGroup;
			children = (
				E8DAADB11E8B5DC7009ABE46 /* CustomFont.app */,
			);
			name = Products;
			sourceTree = "<group>";
		};
		E8DAADB31E8B5DC7009ABE46 /* CustomFont */ = {
			isa = PBXGroup;
			children = (
				E8DAADC91E8B5E0B009ABE46 /* Font */,
				E8DAADB41E8B5DC7009ABE46 /* AppDelegate.swift */,
				E8DAADB61E8B5DC7009ABE46 /* ViewController.swift */,
				E8DAADBB1E8B5DC7009ABE46 /* Assets.xcassets */,
				E8DAADBD1E8B5DC7009ABE46 /* LaunchScreen.storyboard */,
				E8DAADC01E8B5DC7009ABE46 /* Info.plist */,
			);
			path = CustomFont;
			sourceTree = "<group>";
		};
		E8DAADC91E8B5E0B009ABE46 /* Font */ = {
			isa = PBXGroup;
			children = (
				E8DAADC81E8B5E07009ABE46 /* MFTongXin_Noncommercial-Regular.ttf */,
				E8DAADC71E8B5E03009ABE46 /* MFZhiHei_Noncommercial-Regular.ttf */,
				E8DAADC61E8B5DFE009ABE46 /* MFJinHei_Noncommercial-Regular.ttf */,
			);
			name = Font;
			sourceTree = "<group>";
		};
/* End PBXGroup section */

/* Begin PBXNativeTarget section */
		E8DAADB01E8B5DC7009ABE46 /* CustomFont */ = {
			isa = PBXNativeTarget;
			buildConfigurationList = E8DAADC31E8B5DC7009ABE46 /* Build configuration list for PBXNativeTarget "CustomFont" */;
			buildPhases = (
				E8DAADAD1E8B5DC7009ABE46 /* Sources */,
				E8DAADAE1E8B5DC7009ABE46 /* Frameworks */,
				E8DAADAF1E8B5DC7009ABE46 /* Resources */,
			);
			buildRules = (
			);
			dependencies = (
			);
			name = CustomFont;
			productName = CustomFont;
			productReference = E8DAADB11E8B5DC7009ABE46 /* CustomFont.app */;
			productType = "com.apple.product-type.application";
		};
/* End PBXNativeTarget section */

/* Begin PBXProject section */
		E8DAADA91E8B5DC7009ABE46 /* Project object */ = {
			isa = PBXProject;
			attributes = {
				LastSwiftUpdateCheck = 0830;
				LastUpgradeCheck = 0830;
				ORGANIZATIONNAME = Silence;
				TargetAttributes = {
					E8DAADB01E8B5DC7009ABE46 = {
						CreatedOnToolsVersion = 8.3;
						ProvisioningStyle = Automatic;
					};
				};
			};
			buildConfigurationList = E8DAADAC1E8B5DC7009ABE46 /* Build configuration list for PBXProject "CustomFont" */;
			compatibilityVersion = "Xcode 3.2";
			developmentRegion = English;
			hasScannedForEncodings = 0;
			knownRegions = (
				en,
				Base,
			);
			mainGroup = E8DAADA81E8B5DC7009ABE46;
			productRefGroup = E8DAADB21E8B5DC7009ABE46 /* Products */;
			projectDirPath = "";
			projectRoot = "";
			targets = (
				E8DAADB01E8B5DC7009ABE46 /* CustomFont */,
			);
		};
/* End PBXProject section */

/* Begin PBXResourcesBuildPhase section */
		E8DAADAF1E8B5DC7009ABE46 /* Resources */ = {
			isa = PBXResourcesBuildPhase;
			buildActionMask = 2147483647;
			files = (
				E8DAADCA1E8B63D5009ABE46 /* MFTongXin_Noncommercial-Regular.ttf in Resources */,
				E8DAADCB1E8B63D5009ABE46 /* MFZhiHei_Noncommercial-Regular.ttf in Resources */,
				E8DAADCC1E8B63D5009ABE46 /* MFJinHei_Noncommercial-Regular.ttf in Resources */,
				E8DAADBF1E8B5DC7009ABE46 /* LaunchScreen.storyboard in Resources */,
				E8DAADBC1E8B5DC7009ABE46 /* Assets.xcassets in Resources */,
			);
			runOnlyForDeploymentPostprocessing = 0;
		};
/* End PBXResourcesBuildPhase section */

/* Begin PBXSourcesBuildPhase section */
		E8DAADAD1E8B5DC7009ABE46 /* Sources */ = {
			isa = PBXSourcesBuildPhase;
			buildActionMask = 2147483647;
			files = (
				E8DAADB71E8B5DC7009ABE46 /* ViewController.swift in Sources */,
				E8DAADB51E8B5DC7009ABE46 /* AppDelegate.swift in Sources */,
			);
			runOnlyForDeploymentPostprocessing = 0;
		};
/* End PBXSourcesBuildPhase section */

/* Begin PBXVariantGroup section */
		E8DAADBD1E8B5DC7009ABE46 /* LaunchScreen.storyboard */ = {
			isa = PBXVariantGroup;
			children = (
				E8DAADBE1E8B5DC7009ABE46 /* Base */,
			);
			name = LaunchScreen.storyboard;
			sourceTree = "<group>";
		};
/* End PBXVariantGroup section */

/* Begin XCBuildConfiguration section */
		E8DAADC11E8B5DC7009ABE46 /* Debug */ = {
			isa = XCBuildConfiguration;
			buildSettings = {
				ALWAYS_SEARCH_USER_PATHS = NO;
				CLANG_ANALYZER_NONNULL = YES;
				CLANG_ANALYZER_NUMBER_OBJECT_CONVERSION = YES_AGGRESSIVE;
				CLANG_CXX_LANGUAGE_STANDARD = "gnu++0x";
				CLANG_CXX_LIBRARY = "libc++";
				CLANG_ENABLE_MODULES = YES;
				CLANG_ENABLE_OBJC_ARC = YES;
				CLANG_WARN_BOOL_CONVERSION = YES;
				CLANG_WARN_CONSTANT_CONVERSION = YES;
				CLANG_WARN_DIRECT_OBJC_ISA_USAGE = YES_ERROR;
				CLANG_WARN_DOCUMENTATION_COMMENTS = YES;
				CLANG_WARN_EMPTY_BODY = YES;
				CLANG_WARN_ENUM_CONVERSION = YES;
				CLANG_WARN_INFINITE_RECURSION = YES;
				CLANG_WARN_INT_CONVERSION = YES;
				CLANG_WARN_OBJC_ROOT_CLASS = YES_ERROR;
				CLANG_WARN_SUSPICIOUS_MOVE = YES;
				CLANG_WARN_UNREACHABLE_CODE = YES;
				CLANG_WARN__DUPLICATE_METHOD_MATCH = YES;
				"CODE_SIGN_IDENTITY[sdk=iphoneos*]" = "iPhone Developer";
				COPY_PHASE_STRIP = NO;
				DEBUG_INFORMATION_FORMAT = dwarf;
				ENABLE_STRICT_OBJC_MSGSEND = YES;
				ENABLE_TESTABILITY = YES;
				GCC_C_LANGUAGE_STANDARD = gnu99;
				GCC_DYNAMIC_NO_PIC = NO;
				GCC_NO_COMMON_BLOCKS = YES;
				GCC_OPTIMIZATION_LEVEL = 0;
				GCC_PREPROCESSOR_DEFINITIONS = (
					"DEBUG=1",
					"$(inherited)",
				);
				GCC_WARN_64_TO_32_BIT_CONVERSION = YES;
				GCC_WARN_ABOUT_RETURN_TYPE = YES_ERROR;
				GCC_WARN_UNDECLARED_SELECTOR = YES;
				GCC_WARN_UNINITIALIZED_AUTOS = YES_AGGRESSIVE;
				GCC_WARN_UNUSED_FUNCTION = YES;
				GCC_WARN_UNUSED_VARIABLE = YES;
				IPHONEOS_DEPLOYMENT_TARGET = 10.3;
				MTL_ENABLE_DEBUG_INFO = YES;
				ONLY_ACTIVE_ARCH = YES;
				SDKROOT = iphoneos;
				SWIFT_ACTIVE_COMPILATION_CONDITIONS = DEBUG;
				SWIFT_OPTIMIZATION_LEVEL = "-Onone";
				TARGETED_DEVICE_FAMILY = "1,2";
			};
			name = Debug;
		};
		E8DAADC21E8B5DC7009ABE46 /* Release */ = {
			isa = XCBuildConfiguration;
			buildSettings = {
				ALWAYS_SEARCH_USER_PATHS = NO;
				CLANG_ANALYZER_NONNULL = YES;
				CLANG_ANALYZER_NUMBER_OBJECT_CONVERSION = YES_AGGRESSIVE;
				CLANG_CXX_LANGUAGE_STANDARD = "gnu++0x";
				CLANG_CXX_LIBRARY = "libc++";
				CLANG_ENABLE_MODULES = YES;
				CLANG_ENABLE_OBJC_ARC = YES;
				CLANG_WARN_BOOL_CONVERSION = YES;
				CLANG_WARN_CONSTANT_CONVERSION = YES;
				CLANG_WARN_DIRECT_OBJC_ISA_USAGE = YES_ERROR;
				CLANG_WARN_DOCUMENTATION_COMMENTS = YES;
				CLANG_WARN_EMPTY_BODY = YES;
				CLANG_WARN_ENUM_CONVERSION = YES;
				CLANG_WARN_INFINITE_RECURSION = YES;
				CLANG_WARN_INT_CONVERSION = YES;
				CLANG_WARN_OBJC_ROOT_CLASS = YES_ERROR;
				CLANG_WARN_SUSPICIOUS_MOVE = YES;
				CLANG_WARN_UNREACHABLE_CODE = YES;
				CLANG_WARN__DUPLICATE_METHOD_MATCH = YES;
				"CODE_SIGN_IDENTITY[sdk=iphoneos*]" = "iPhone Developer";
				COPY_PHASE_STRIP = NO;
				DEBUG_INFORMATION_FORMAT = "dwarf-with-dsym";
				ENABLE_NS_ASSERTIONS = NO;
				ENABLE_STRICT_OBJC_MSGSEND = YES;
				GCC_C_LANGUAGE_STANDARD = gnu99;
				GCC_NO_COMMON_BLOCKS = YES;
				GCC_WARN_64_TO_32_BIT_CONVERSION = YES;
				GCC_WARN_ABOUT_RETURN_TYPE = YES_ERROR;
				GCC_WARN_UNDECLARED_SELECTOR = YES;
				GCC_WARN_UNINITIALIZED_AUTOS = YES_AGGRESSIVE;
				GCC_WARN_UNUSED_FUNCTION = YES;
				GCC_WARN_UNUSED_VARIABLE = YES;
				IPHONEOS_DEPLOYMENT_TARGET = 10.3;
				MTL_ENABLE_DEBUG_INFO = NO;
				SDKROOT = iphoneos;
				SWIFT_OPTIMIZATION_LEVEL = "-Owholemodule";
				TARGETED_DEVICE_FAMILY = "1,2";
				VALIDATE_PRODUCT = YES;
			};
			name = Release;
		};
		E8DAADC41E8B5DC7009ABE46 /* Debug */ = {
			isa = XCBuildConfiguration;
			buildSettings = {
				ASSETCATALOG_COMPILER_APPICON_NAME = AppIcon;
				INFOPLIST_FILE = CustomFont/Info.plist;
				LD_RUNPATH_SEARCH_PATHS = "$(inherited) @executable_path/Frameworks";
				PRODUCT_BUNDLE_IDENTIFIER = com.silence.CustomFont;
				PRODUCT_NAME = "$(TARGET_NAME)";
				SWIFT_VERSION = 3.0;
			};
			name = Debug;
		};
		E8DAADC51E8B5DC7009ABE46 /* Release */ = {
			isa = XCBuildConfiguration;
			buildSettings = {
				ASSETCATALOG_COMPILER_APPICON_NAME = AppIcon;
				INFOPLIST_FILE = CustomFont/Info.plist;
				LD_RUNPATH_SEARCH_PATHS = "$(inherited) @executable_path/Frameworks";
				PRODUCT_BUNDLE_IDENTIFIER = com.silence.CustomFont;
				PRODUCT_NAME = "$(TARGET_NAME)";
				SWIFT_VERSION = 3.0;
			};
			name = Release;
		};
/* End XCBuildConfiguration section */

/* Begin XCConfigurationList section */
		E8DAADAC1E8B5DC7009ABE46 /* Build configuration list for PBXProject "CustomFont" */ = {
			isa = XCConfigurationList;
			buildConfigurations = (
				E8DAADC11E8B5DC7009ABE46 /* Debug */,
				E8DAADC21E8B5DC7009ABE46 /* Release */,
			);
			defaultConfigurationIsVisible = 0;
			defaultConfigurationName = Release;
		};
		E8DAADC31E8B5DC7009ABE46 /* Build configuration list for PBXNativeTarget "CustomFont" */ = {
			isa = XCConfigurationList;
			buildConfigurations = (
				E8DAADC41E8B5DC7009ABE46 /* Debug */,
				E8DAADC51E8B5DC7009ABE46 /* Release */,
			);
			defaultConfigurationIsVisible = 0;
		};
/* End XCConfigurationList section */
	};
	rootObject = E8DAADA91E8B5DC7009ABE46 /* Project object */;
}
